{
    "_meta": {
        "hash": {
            "sha256": "882ba631a5cfc7816ed4054f4f541503037e5650f6a120abf52379624b2cc599"
        },
        "pipfile-spec": 6,
        "requires": {
            "python_version": "3.9"
        },
        "sources": [
            {
                "name": "pypi",
                "url": "https://pypi.org/simple",
                "verify_ssl": true
            }
        ]
    },
    "default": {
        "apscheduler": {
            "hashes": [
                "sha256:65e6574b6395498d371d045f2a8a7e4f7d50c6ad21ef7313d15b1c7cf20df1e3",
                "sha256:ddc25a0ddd899de44d7f451f4375fb971887e65af51e41e5dcf681f59b8b2c9a"
            ],
            "index": "pypi",
            "version": "==3.9.1"
        },
        "arrapi": {
            "hashes": [
                "sha256:26c1caac060cc33d8d9f809a1d669cc29fe5bb8fa2c4b593a549435662ad4597",
                "sha256:729ff43fc5dd6a58cb3b8563a233005252b023d9c6e7a807c11449b6a40d940d"
            ],
            "index": "pypi",
            "version": "==1.3.1"
        },
        "certifi": {
            "hashes": [
                "sha256:35824b4c3a97115964b408844d64aa14db1cc518f6562e8d7261699d1350a9e3",
                "sha256:4ad3232f5e926d6718ec31cfc1fcadfde020920e278684144551c91769c7bc18"
            ],
            "index": "pypi",
            "version": "==2022.12.7"
        },
        "charset-normalizer": {
            "hashes": [
                "sha256:5a3d016c7c547f69d6f81fb0db9449ce888b418b5b9952cc5e6e66843e9dd845",
                "sha256:83e9a75d1911279afd89352c68b45348559d1fc0506b054b346651b5e7fee29f"
            ],
            "markers": "python_version >= '3.6'",
            "version": "==2.1.1"
        },
        "idna": {
            "hashes": [
                "sha256:814f528e8dead7d329833b91c5faa87d60bf71824cd12a7530b5526063d02cb4",
                "sha256:90b77e79eaa3eba6de819a0c442c0b4ceefc341a7a2ab77d7562bf49f425c5c2"
            ],
            "markers": "python_version >= '3.5'",
            "version": "==3.4"
        },
        "pyarr": {
            "hashes": [
                "sha256:25bb01cd7efaeeff4b0363b4068c9efb1a31fd71f32f79efae4492c9fafd08b0",
                "sha256:a31b0bbe912187d68ac9f859573b707136d873e96867af0a23d990403f342c3f"
            ],
            "index": "pypi",
            "version": "==3.1.0"
        },
        "pytz": {
            "hashes": [
                "sha256:222439474e9c98fced559f1709d89e6c9cbf8d79c794ff3eb9f8800064291427",
                "sha256:e89512406b793ca39f5971bc999cc538ce125c0e51c27941bef4568b460095e2"
            ],
            "version": "==2022.6"
        },
        "pytz-deprecation-shim": {
            "hashes": [
                "sha256:8314c9692a636c8eb3bda879b9f119e350e93223ae83e70e80c31675a0fdc1a6",
                "sha256:af097bae1b616dde5c5744441e2ddc69e74dfdcb0c263129610d85b87445a59d"
            ],
            "markers": "python_version >= '2.7' and python_version not in '3.0, 3.1, 3.2, 3.3, 3.4, 3.5'",
            "version": "==0.1.0.post0"
        },
        "qbittorrent-api": {
            "hashes": [
                "sha256:216f9156c95034e9f27c7a8e080e0a6092659ace7775d7cbaaf559cd3faf9019",
                "sha256:4f5a7638f78cfe7261f7a75842145c329293221c219f01c363ae3f33d569f3e6"
            ],
            "index": "pypi",
            "version": "==2022.3.29"
        },
        "requests": {
            "hashes": [
                "sha256:7c5599b102feddaa661c826c56ab4fee28bfd17f5abca1ebbe3e7f19d7c97983",
                "sha256:8fefa2a1a1365bf5520aac41836fbee479da67864514bdb821f31ce07ce65349"
            ],
            "markers": "python_version >= '3.7' and python_version < '4'",
            "version": "==2.28.1"
        },
        "setuptools": {
            "hashes": [
                "sha256:57f6f22bde4e042978bcd50176fdb381d7c21a9efa4041202288d3737a0c6a54",
                "sha256:a7620757bf984b58deaf32fc8a4577a9bbc0850cf92c20e1ce41c38c19e5fb75"
            ],
            "markers": "python_version >= '3.7'",
            "version": "==65.6.3"
        },
        "six": {
            "hashes": [
                "sha256:1e61c37477a1626458e36f7b1d82aa5c9b094fa4802892072e49de9c60c4c926",
                "sha256:8abb2f1d86890a2dfb989f9a77cfcfd3e47c2a354b01111771326f8aa26e0254"
            ],
            "markers": "python_version >= '2.7' and python_version not in '3.0, 3.1, 3.2, 3.3'",
            "version": "==1.16.0"
        },
        "types-requests": {
            "hashes": [
                "sha256:091d4a5a33c1b4f20d8b1b952aa8fa27a6e767c44c3cf65e56580df0b05fd8a9",
                "sha256:a7df37cc6fb6187a84097da951f8e21d335448aa2501a6b0a39cbd1d7ca9ee2a"
            ],
            "version": "==2.28.11.5"
        },
        "types-urllib3": {
            "hashes": [
                "sha256:ed6b9e8a8be488796f72306889a06a3fc3cb1aa99af02ab8afb50144d7317e49",
                "sha256:eec5556428eec862b1ac578fb69aab3877995a99ffec9e5a12cf7fbd0cc9daee"
            ],
            "version": "==1.26.25.4"
        },
        "tzdata": {
            "hashes": [
                "sha256:2b88858b0e3120792a3c0635c23daf36a7d7eeeca657c323da299d2094402a0d",
                "sha256:fe5f866eddd8b96e9fcba978f8e503c909b19ea7efda11e52e39494bad3a7bfa"
            ],
            "markers": "python_version >= '3.6'",
            "version": "==2022.7"
        },
        "tzlocal": {
            "hashes": [
                "sha256:89885494684c929d9191c57aa27502afc87a579be5cdd3225c77c463ea043745",
                "sha256:ee5842fa3a795f023514ac2d801c4a81d1743bbe642e3940143326b3a00addd7"
            ],
            "markers": "python_version >= '3.6'",
            "version": "==4.2"
        },
        "urllib3": {
            "hashes": [
                "sha256:47cc05d99aaa09c9e72ed5809b60e7ba354e64b59c9c173ac3018642d8bb41fc",
                "sha256:c083dd0dce68dbfbe1129d5271cb90f9447dea7d52097c6e0126120c521ddea8"
            ],
            "markers": "python_version >= '2.7' and python_version not in '3.0, 3.1, 3.2, 3.3, 3.4, 3.5'",
            "version": "==1.26.13"
        }
    },
    "develop": {}
}
